
Microsoft Visual Studio Solution File, Format Version 12.00
# Visual Studio Version 17
VisualStudioVersion = 17.7.34202.233
MinimumVisualStudioVersion = 10.0.40219.1
Project("{FAE04EC0-301F-11D3-BF4B-00C04F79EFBC}") = "WpfAppMilitaryExport", "WpfAppMilitaryExport.csproj", "{6BDBFE7A-CB88-43B6-BECE-DCFF129B017D}"
EndProject
Global
	GlobalSection(SolutionConfigurationPlatforms) = preSolution
		Debug|Any CPU = Debug|Any CPU
		Release|Any CPU = Release|Any CPU
	EndGlobalSection
	GlobalSection(ProjectConfigurationPlatforms) = postSolution
		{6BDBFE7A-CB88-43B6-BECE-DCFF129B017D}.Debug|Any CPU.ActiveCfg = Debug|Any CPU
		{6BDBFE7A-CB88-43B6-BECE-DCFF129B017D}.Debug|Any CPU.Build.0 = Debug|Any CPU
		{6BDBFE7A-CB88-43B6-BECE-DCFF129B017D}.Release|Any CPU.ActiveCfg = Release|Any CPU
		{6BDBFE7A-CB88-43B6-BECE-DCFF129B017D}.Release|Any CPU.Build.0 = Release|Any CPU
	EndGlobalSection
	GlobalSection(SolutionProperties) = preSolution
		HideSolutionNode = FALSE
	EndGlobalSection
	GlobalSection(ExtensibilityGlobals) = postSolution
		SolutionGuid = {4947422F-75E6-44BA-A729-29E0F10972DA}
	EndGlobalSection
EndGlobal
